
Microsoft Visual Studio Solution File, Format Version 12.00
# Visual Studio 14
VisualStudioVersion = 14.0.25420.1
MinimumVisualStudioVersion = 10.0.40219.1
Project("{FAE04EC0-301F-11D3-BF4B-00C04F79EFBC}") = "FizzBuzzconsole", "FizzBuzzconsole\FizzBuzzconsole.csproj", "{C9A36B3D-F066-4FD6-B9DC-1A635A2C23E5}"
EndProject
Project("{FAE04EC0-301F-11D3-BF4B-00C04F79EFBC}") = "FizzBuzz.library", "FizzBuzz.library\FizzBuzz.library.csproj", "{00430A1B-BA97-42E8-B6C9-D066DF939F98}"
EndProject
Project("{FAE04EC0-301F-11D3-BF4B-00C04F79EFBC}") = "FizzBuzz.Library.Tests", "FizzBuzzer\FizzBuzz.Library.Tests.csproj", "{14EE3598-9F4D-4628-A8AE-95A44F0B0CE1}"
EndProject
Global
	GlobalSection(SolutionConfigurationPlatforms) = preSolution
		Debug|Any CPU = Debug|Any CPU
		Release|Any CPU = Release|Any CPU
	EndGlobalSection
	GlobalSection(ProjectConfigurationPlatforms) = postSolution
		{C9A36B3D-F066-4FD6-B9DC-1A635A2C23E5}.Debug|Any CPU.ActiveCfg = Debug|Any CPU
		{C9A36B3D-F066-4FD6-B9DC-1A635A2C23E5}.Debug|Any CPU.Build.0 = Debug|Any CPU
		{C9A36B3D-F066-4FD6-B9DC-1A635A2C23E5}.Release|Any CPU.ActiveCfg = Release|Any CPU
		{C9A36B3D-F066-4FD6-B9DC-1A635A2C23E5}.Release|Any CPU.Build.0 = Release|Any CPU
		{00430A1B-BA97-42E8-B6C9-D066DF939F98}.Debug|Any CPU.ActiveCfg = Debug|Any CPU
		{00430A1B-BA97-42E8-B6C9-D066DF939F98}.Debug|Any CPU.Build.0 = Debug|Any CPU
		{00430A1B-BA97-42E8-B6C9-D066DF939F98}.Release|Any CPU.ActiveCfg = Release|Any CPU
		{00430A1B-BA97-42E8-B6C9-D066DF939F98}.Release|Any CPU.Build.0 = Release|Any CPU
		{14EE3598-9F4D-4628-A8AE-95A44F0B0CE1}.Debug|Any CPU.ActiveCfg = Debug|Any CPU
		{14EE3598-9F4D-4628-A8AE-95A44F0B0CE1}.Debug|Any CPU.Build.0 = Debug|Any CPU
		{14EE3598-9F4D-4628-A8AE-95A44F0B0CE1}.Release|Any CPU.ActiveCfg = Release|Any CPU
		{14EE3598-9F4D-4628-A8AE-95A44F0B0CE1}.Release|Any CPU.Build.0 = Release|Any CPU
	EndGlobalSection
	GlobalSection(SolutionProperties) = preSolution
		HideSolutionNode = FALSE
	EndGlobalSection
EndGlobal
